
Microsoft Visual Studio Solution File, Format Version 12.00
# Visual Studio Version 17
VisualStudioVersion = 17.0.31903.59
MinimumVisualStudioVersion = 10.0.40219.1
Project("{FAE04EC0-301F-11D3-BF4B-00C04F79EFBC}") = "PdfBookmarkEditor.Core", "PdfBookmarkEditor.Core\PdfBookmarkEditor.Core.csproj", "{4E6A5F3E-FF92-42BA-8CB2-6F8FA93A3362}"
EndProject
Project("{FAE04EC0-301F-11D3-BF4B-00C04F79EFBC}") = "PdfBookmarkEditor.Core.Tests", "PdfBookmarkEditor.Core.Tests\PdfBookmarkEditor.Core.Tests.csproj", "{13B53F60-550A-45AA-86F6-0788D7E5A849}"
EndProject
Project("{FAE04EC0-301F-11D3-BF4B-00C04F79EFBC}") = "PdfBookmarkEditor.App", "PdfBookmarkEditor.App\PdfBookmarkEditor.App.csproj", "{BC889289-FCEE-4D8D-9D89-8E568109384A}"
EndProject
Global
	GlobalSection(SolutionConfigurationPlatforms) = preSolution
		Debug|Any CPU = Debug|Any CPU
		Release|Any CPU = Release|Any CPU
	EndGlobalSection
	GlobalSection(SolutionProperties) = preSolution
		HideSolutionNode = FALSE
	EndGlobalSection
	GlobalSection(ProjectConfigurationPlatforms) = postSolution
		{4E6A5F3E-FF92-42BA-8CB2-6F8FA93A3362}.Debug|Any CPU.ActiveCfg = Debug|Any CPU
		{4E6A5F3E-FF92-42BA-8CB2-6F8FA93A3362}.Debug|Any CPU.Build.0 = Debug|Any CPU
		{4E6A5F3E-FF92-42BA-8CB2-6F8FA93A3362}.Release|Any CPU.ActiveCfg = Release|Any CPU
		{4E6A5F3E-FF92-42BA-8CB2-6F8FA93A3362}.Release|Any CPU.Build.0 = Release|Any CPU
		{13B53F60-550A-45AA-86F6-0788D7E5A849}.Debug|Any CPU.ActiveCfg = Debug|Any CPU
		{13B53F60-550A-45AA-86F6-0788D7E5A849}.Debug|Any CPU.Build.0 = Debug|Any CPU
		{13B53F60-550A-45AA-86F6-0788D7E5A849}.Release|Any CPU.ActiveCfg = Release|Any CPU
		{13B53F60-550A-45AA-86F6-0788D7E5A849}.Release|Any CPU.Build.0 = Release|Any CPU
		{BC889289-FCEE-4D8D-9D89-8E568109384A}.Debug|Any CPU.ActiveCfg = Debug|Any CPU
		{BC889289-FCEE-4D8D-9D89-8E568109384A}.Debug|Any CPU.Build.0 = Debug|Any CPU
		{BC889289-FCEE-4D8D-9D89-8E568109384A}.Release|Any CPU.ActiveCfg = Release|Any CPU
		{BC889289-FCEE-4D8D-9D89-8E568109384A}.Release|Any CPU.Build.0 = Release|Any CPU
	EndGlobalSection
EndGlobal
